
Microsoft Visual Studio Solution File, Format Version 12.00
# Visual Studio Version 17
VisualStudioVersion = 17.4.33205.214
MinimumVisualStudioVersion = 10.0.40219.1
Project("{9A19103F-16F7-4668-BE54-9A1E7A4F7556}") = "MerjTek.MonoGame.PostProcessing.OpenGL", "MerjTek.MonoGame.PostProcessing.OpenGL.csproj", "{DEE507EC-EB68-4774-84F1-5BC884EFF2E0}"
EndProject
Project("{9A19103F-16F7-4668-BE54-9A1E7A4F7556}") = "MerjTek.MonoGame.PostProcessing.DirectX", "MerjTek.MonoGame.PostProcessing.DirectX.csproj", "{9DDC5C55-5732-4719-B7A5-B836F076E044}"
EndProject
Global
	GlobalSection(SolutionConfigurationPlatforms) = preSolution
		Debug|Any CPU = Debug|Any CPU
		Release|Any CPU = Release|Any CPU
	EndGlobalSection
	GlobalSection(ProjectConfigurationPlatforms) = postSolution
		{DEE507EC-EB68-4774-84F1-5BC884EFF2E0}.Debug|Any CPU.ActiveCfg = Debug|Any CPU
		{DEE507EC-EB68-4774-84F1-5BC884EFF2E0}.Debug|Any CPU.Build.0 = Debug|Any CPU
		{DEE507EC-EB68-4774-84F1-5BC884EFF2E0}.Release|Any CPU.ActiveCfg = Release|Any CPU
		{DEE507EC-EB68-4774-84F1-5BC884EFF2E0}.Release|Any CPU.Build.0 = Release|Any CPU
		{9DDC5C55-5732-4719-B7A5-B836F076E044}.Debug|Any CPU.ActiveCfg = Debug|Any CPU
		{9DDC5C55-5732-4719-B7A5-B836F076E044}.Debug|Any CPU.Build.0 = Debug|Any CPU
		{9DDC5C55-5732-4719-B7A5-B836F076E044}.Release|Any CPU.ActiveCfg = Release|Any CPU
		{9DDC5C55-5732-4719-B7A5-B836F076E044}.Release|Any CPU.Build.0 = Release|Any CPU
	EndGlobalSection
	GlobalSection(SolutionProperties) = preSolution
		HideSolutionNode = FALSE
	EndGlobalSection
	GlobalSection(ExtensibilityGlobals) = postSolution
		SolutionGuid = {03BBA6CE-7B36-49A5-B443-BF554D530D81}
	EndGlobalSection
EndGlobal
